
Microsoft Visual Studio Solution File, Format Version 12.00
# Visual Studio Version 17
VisualStudioVersion = 17.9.34728.123
MinimumVisualStudioVersion = 10.0.40219.1
Project("{FAE04EC0-301F-11D3-BF4B-00C04F79EFBC}") = "LimedikosTask.Server", "LimedikosTask.Server\LimedikosTask.Server.csproj", "{B697E5A1-98BE-4AB9-9B6D-D9BC50E773A3}"
EndProject
Project("{54A90642-561A-4BB1-A94E-469ADEE60C69}") = "limedikostask.client", "limedikostask.client\limedikostask.client.esproj", "{A1A32FB3-DDE6-43B6-ACC6-F9B6632C8E45}"
EndProject
Global
	GlobalSection(SolutionConfigurationPlatforms) = preSolution
		Debug|Any CPU = Debug|Any CPU
		Release|Any CPU = Release|Any CPU
	EndGlobalSection
	GlobalSection(ProjectConfigurationPlatforms) = postSolution
		{B697E5A1-98BE-4AB9-9B6D-D9BC50E773A3}.Debug|Any CPU.ActiveCfg = Debug|Any CPU
		{B697E5A1-98BE-4AB9-9B6D-D9BC50E773A3}.Debug|Any CPU.Build.0 = Debug|Any CPU
		{B697E5A1-98BE-4AB9-9B6D-D9BC50E773A3}.Release|Any CPU.ActiveCfg = Release|Any CPU
		{B697E5A1-98BE-4AB9-9B6D-D9BC50E773A3}.Release|Any CPU.Build.0 = Release|Any CPU
		{A1A32FB3-DDE6-43B6-ACC6-F9B6632C8E45}.Debug|Any CPU.ActiveCfg = Debug|Any CPU
		{A1A32FB3-DDE6-43B6-ACC6-F9B6632C8E45}.Debug|Any CPU.Build.0 = Debug|Any CPU
		{A1A32FB3-DDE6-43B6-ACC6-F9B6632C8E45}.Debug|Any CPU.Deploy.0 = Debug|Any CPU
		{A1A32FB3-DDE6-43B6-ACC6-F9B6632C8E45}.Release|Any CPU.ActiveCfg = Release|Any CPU
		{A1A32FB3-DDE6-43B6-ACC6-F9B6632C8E45}.Release|Any CPU.Build.0 = Release|Any CPU
		{A1A32FB3-DDE6-43B6-ACC6-F9B6632C8E45}.Release|Any CPU.Deploy.0 = Release|Any CPU
	EndGlobalSection
	GlobalSection(SolutionProperties) = preSolution
		HideSolutionNode = FALSE
	EndGlobalSection
	GlobalSection(ExtensibilityGlobals) = postSolution
		SolutionGuid = {47E973FB-1DB5-4B9B-99E5-281C984DC403}
	EndGlobalSection
EndGlobal
